
Microsoft Visual Studio Solution File, Format Version 12.00
# Visual Studio 2013
VisualStudioVersion = 12.0.21005.1
MinimumVisualStudioVersion = 10.0.40219.1
Project("{F184B08F-C81C-45F6-A57F-5ABD9991F28F}") = "GeradorDeSenha", "GeradorDeSenha\GeradorDeSenha.vbproj", "{4345D63D-4734-4A6A-9BB2-3F2F63325B07}"
EndProject
Global
	GlobalSection(SolutionConfigurationPlatforms) = preSolution
		Debug|Any CPU = Debug|Any CPU
		Release|Any CPU = Release|Any CPU
	EndGlobalSection
	GlobalSection(ProjectConfigurationPlatforms) = postSolution
		{4345D63D-4734-4A6A-9BB2-3F2F63325B07}.Debug|Any CPU.ActiveCfg = Debug|Any CPU
		{4345D63D-4734-4A6A-9BB2-3F2F63325B07}.Debug|Any CPU.Build.0 = Debug|Any CPU
		{4345D63D-4734-4A6A-9BB2-3F2F63325B07}.Release|Any CPU.ActiveCfg = Release|Any CPU
		{4345D63D-4734-4A6A-9BB2-3F2F63325B07}.Release|Any CPU.Build.0 = Release|Any CPU
	EndGlobalSection
	GlobalSection(SolutionProperties) = preSolution
		HideSolutionNode = FALSE
	EndGlobalSection
EndGlobal
